// !$*UTF8*$!
{
	archiveVersion = 1;
	classes = {
	};
	objectVersion = 56;
	objects = {

/* Begin PBXBuildFile section */
		380693F92B4949EF004E9711 /* MacApp in Frameworks */ = {isa = PBXBuildFile; productRef = 380693F82B4949EF004E9711 /* MacApp */; };
		382A2BF52B48661B00C9F8FE /* IOSActionExtension in Frameworks */ = {isa = PBXBuildFile; productRef = 382A2BF42B48661B00C9F8FE /* IOSActionExtension */; };
		383314782B493EEF00A47514 /* main.swift in Sources */ = {isa = PBXBuildFile; fileRef = 383314772B493EEF00A47514 /* main.swift */; };
		3833147C2B493EF000A47514 /* Assets.xcassets in Resources */ = {isa = PBXBuildFile; fileRef = 3833147B2B493EF000A47514 /* Assets.xcassets */; };
		383776C12B4812BA0011BD41 /* UniformTypeIdentifiers.framework in Frameworks */ = {isa = PBXBuildFile; fileRef = 383776C02B4812BA0011BD41 /* UniformTypeIdentifiers.framework */; };
		383776C42B4812BA0011BD41 /* Media.xcassets in Resources */ = {isa = PBXBuildFile; fileRef = 383776C32B4812BA0011BD41 /* Media.xcassets */; };
		383776C62B4812BA0011BD41 /* ActionViewController.swift in Sources */ = {isa = PBXBuildFile; fileRef = 383776C52B4812BA0011BD41 /* ActionViewController.swift */; };
		383776C92B4812BA0011BD41 /* MainInterface.storyboard in Resources */ = {isa = PBXBuildFile; fileRef = 383776C72B4812BA0011BD41 /* MainInterface.storyboard */; };
		383776CD2B4812BA0011BD41 /* RiversideIOSActionExtension.appex in Embed Foundation Extensions */ = {isa = PBXBuildFile; fileRef = 383776BF2B4812BA0011BD41 /* RiversideIOSActionExtension.appex */; settings = {ATTRIBUTES = (RemoveHeadersOnCopy, ); }; };
		C82732352B38086A0053842F /* Assets.xcassets in Resources */ = {isa = PBXBuildFile; fileRef = C82732342B38086A0053842F /* Assets.xcassets */; };
		C827323E2B3808950053842F /* IOSApp in Frameworks */ = {isa = PBXBuildFile; productRef = C827323D2B3808950053842F /* IOSApp */; };
		C827323F2B38095E0053842F /* main.swift in Sources */ = {isa = PBXBuildFile; fileRef = C827321C2B3805870053842F /* main.swift */; };
/* End PBXBuildFile section */

/* Begin PBXContainerItemProxy section */
		383776CB2B4812BA0011BD41 /* PBXContainerItemProxy */ = {
			isa = PBXContainerItemProxy;
			containerPortal = C82732112B3805870053842F /* Project object */;
			proxyType = 1;
			remoteGlobalIDString = 383776BE2B4812BA0011BD41;
			remoteInfo = RiversideIOSActionExtension;
		};
/* End PBXContainerItemProxy section */

/* Begin PBXCopyFilesBuildPhase section */
		383776CE2B4812BA0011BD41 /* Embed Foundation Extensions */ = {
			isa = PBXCopyFilesBuildPhase;
			buildActionMask = 2147483647;
			dstPath = "";
			dstSubfolderSpec = 13;
			files = (
				383776CD2B4812BA0011BD41 /* RiversideIOSActionExtension.appex in Embed Foundation Extensions */,
			);
			name = "Embed Foundation Extensions";
			runOnlyForDeploymentPostprocessing = 0;
		};
/* End PBXCopyFilesBuildPhase section */

/* Begin PBXFileReference section */
		383314702B49188B00A47514 /* RiversideIOSActionExtension.entitlements */ = {isa = PBXFileReference; lastKnownFileType = text.plist.entitlements; path = RiversideIOSActionExtension.entitlements; sourceTree = "<group>"; };
		383314752B493EEF00A47514 /* RiversideMacApp.app */ = {isa = PBXFileReference; explicitFileType = wrapper.application; includeInIndex = 0; path = RiversideMacApp.app; sourceTree = BUILT_PRODUCTS_DIR; };
		383314772B493EEF00A47514 /* main.swift */ = {isa = PBXFileReference; lastKnownFileType = sourcecode.swift; path = main.swift; sourceTree = "<group>"; };
		3833147B2B493EF000A47514 /* Assets.xcassets */ = {isa = PBXFileReference; lastKnownFileType = folder.assetcatalog; path = Assets.xcassets; sourceTree = "<group>"; };
		383314802B493EF000A47514 /* RiversideMacApp.entitlements */ = {isa = PBXFileReference; lastKnownFileType = text.plist.entitlements; path = RiversideMacApp.entitlements; sourceTree = "<group>"; };
		383776BF2B4812BA0011BD41 /* RiversideIOSActionExtension.appex */ = {isa = PBXFileReference; explicitFileType = "wrapper.app-extension"; includeInIndex = 0; path = RiversideIOSActionExtension.appex; sourceTree = BUILT_PRODUCTS_DIR; };
		383776C02B4812BA0011BD41 /* UniformTypeIdentifiers.framework */ = {isa = PBXFileReference; lastKnownFileType = wrapper.framework; name = UniformTypeIdentifiers.framework; path = System/Library/Frameworks/UniformTypeIdentifiers.framework; sourceTree = SDKROOT; };
		383776C32B4812BA0011BD41 /* Media.xcassets */ = {isa = PBXFileReference; lastKnownFileType = folder.assetcatalog; path = Media.xcassets; sourceTree = "<group>"; };
		383776C52B4812BA0011BD41 /* ActionViewController.swift */ = {isa = PBXFileReference; lastKnownFileType = sourcecode.swift; path = ActionViewController.swift; sourceTree = "<group>"; };
		383776C82B4812BA0011BD41 /* Base */ = {isa = PBXFileReference; lastKnownFileType = file.storyboard; name = Base; path = Base.lproj/MainInterface.storyboard; sourceTree = "<group>"; };
		383776CA2B4812BA0011BD41 /* Info.plist */ = {isa = PBXFileReference; lastKnownFileType = text.plist.xml; path = Info.plist; sourceTree = "<group>"; };
		387B06072B4C3F440075EBC0 /* Info.plist */ = {isa = PBXFileReference; lastKnownFileType = text.plist; path = Info.plist; sourceTree = "<group>"; };
		38C00B4F2B41101400029076 /* Info.plist */ = {isa = PBXFileReference; lastKnownFileType = text.plist; path = Info.plist; sourceTree = "<group>"; };
		38C00B502B41103200029076 /* RiversideIOSApp.entitlements */ = {isa = PBXFileReference; lastKnownFileType = text.plist.entitlements; path = RiversideIOSApp.entitlements; sourceTree = "<group>"; };
		C827321C2B3805870053842F /* main.swift */ = {isa = PBXFileReference; lastKnownFileType = sourcecode.swift; path = main.swift; sourceTree = "<group>"; };
		C827322E2B3808690053842F /* RiversideIOSApp.app */ = {isa = PBXFileReference; explicitFileType = wrapper.application; includeInIndex = 0; path = RiversideIOSApp.app; sourceTree = BUILT_PRODUCTS_DIR; };
		C82732342B38086A0053842F /* Assets.xcassets */ = {isa = PBXFileReference; lastKnownFileType = folder.assetcatalog; path = Assets.xcassets; sourceTree = "<group>"; };
/* End PBXFileReference section */

/* Begin PBXFrameworksBuildPhase section */
		383314722B493EEF00A47514 /* Frameworks */ = {
			isa = PBXFrameworksBuildPhase;
			buildActionMask = 2147483647;
			files = (
				380693F92B4949EF004E9711 /* MacApp in Frameworks */,
			);
			runOnlyForDeploymentPostprocessing = 0;
		};
		383776BC2B4812BA0011BD41 /* Frameworks */ = {
			isa = PBXFrameworksBuildPhase;
			buildActionMask = 2147483647;
			files = (
				382A2BF52B48661B00C9F8FE /* IOSActionExtension in Frameworks */,
				383776C12B4812BA0011BD41 /* UniformTypeIdentifiers.framework in Frameworks */,
			);
			runOnlyForDeploymentPostprocessing = 0;
		};
		C827322B2B3808690053842F /* Frameworks */ = {
			isa = PBXFrameworksBuildPhase;
			buildActionMask = 2147483647;
			files = (
				C827323E2B3808950053842F /* IOSApp in Frameworks */,
			);
			runOnlyForDeploymentPostprocessing = 0;
		};
/* End PBXFrameworksBuildPhase section */

/* Begin PBXGroup section */
		383314762B493EEF00A47514 /* RiversideMacApp */ = {
			isa = PBXGroup;
			children = (
				387B06072B4C3F440075EBC0 /* Info.plist */,
				383314772B493EEF00A47514 /* main.swift */,
				3833147B2B493EF000A47514 /* Assets.xcassets */,
				383314802B493EF000A47514 /* RiversideMacApp.entitlements */,
			);
			path = RiversideMacApp;
			sourceTree = "<group>";
		};
		383776C22B4812BA0011BD41 /* RiversideIOSActionExtension */ = {
			isa = PBXGroup;
			children = (
				383314702B49188B00A47514 /* RiversideIOSActionExtension.entitlements */,
				383776C32B4812BA0011BD41 /* Media.xcassets */,
				383776C52B4812BA0011BD41 /* ActionViewController.swift */,
				383776C72B4812BA0011BD41 /* MainInterface.storyboard */,
				383776CA2B4812BA0011BD41 /* Info.plist */,
			);
			path = RiversideIOSActionExtension;
			sourceTree = "<group>";
		};
		C82732102B3805870053842F = {
			isa = PBXGroup;
			children = (
				C827322F2B3808690053842F /* RiversideIOSApp */,
				383776C22B4812BA0011BD41 /* RiversideIOSActionExtension */,
				383314762B493EEF00A47514 /* RiversideMacApp */,
				C827321A2B3805870053842F /* Products */,
				C827323C2B3808950053842F /* Frameworks */,
			);
			sourceTree = "<group>";
		};
		C827321A2B3805870053842F /* Products */ = {
			isa = PBXGroup;
			children = (
				C827322E2B3808690053842F /* RiversideIOSApp.app */,
				383776BF2B4812BA0011BD41 /* RiversideIOSActionExtension.appex */,
				383314752B493EEF00A47514 /* RiversideMacApp.app */,
			);
			name = Products;
			sourceTree = "<group>";
		};
		C827322F2B3808690053842F /* RiversideIOSApp */ = {
			isa = PBXGroup;
			children = (
				38C00B502B41103200029076 /* RiversideIOSApp.entitlements */,
				38C00B4F2B41101400029076 /* Info.plist */,
				C827321C2B3805870053842F /* main.swift */,
				C82732342B38086A0053842F /* Assets.xcassets */,
			);
			path = RiversideIOSApp;
			sourceTree = "<group>";
		};
		C827323C2B3808950053842F /* Frameworks */ = {
			isa = PBXGroup;
			children = (
				383776C02B4812BA0011BD41 /* UniformTypeIdentifiers.framework */,
			);
			name = Frameworks;
			sourceTree = "<group>";
		};
/* End PBXGroup section */

/* Begin PBXNativeTarget section */
		383314742B493EEF00A47514 /* RiversideMacApp */ = {
			isa = PBXNativeTarget;
			buildConfigurationList = 383314832B493EF000A47514 /* Build configuration list for PBXNativeTarget "RiversideMacApp" */;
			buildPhases = (
				383314712B493EEF00A47514 /* Sources */,
				383314722B493EEF00A47514 /* Frameworks */,
				383314732B493EEF00A47514 /* Resources */,
			);
			buildRules = (
			);
			dependencies = (
			);
			name = RiversideMacApp;
			packageProductDependencies = (
				380693F82B4949EF004E9711 /* MacApp */,
			);
			productName = RiversideMacApp;
			productReference = 383314752B493EEF00A47514 /* RiversideMacApp.app */;
			productType = "com.apple.product-type.application";
		};
		383776BE2B4812BA0011BD41 /* RiversideIOSActionExtension */ = {
			isa = PBXNativeTarget;
			buildConfigurationList = 383776D12B4812BA0011BD41 /* Build configuration list for PBXNativeTarget "RiversideIOSActionExtension" */;
			buildPhases = (
				383776BB2B4812BA0011BD41 /* Sources */,
				383776BC2B4812BA0011BD41 /* Frameworks */,
				383776BD2B4812BA0011BD41 /* Resources */,
			);
			buildRules = (
			);
			dependencies = (
			);
			name = RiversideIOSActionExtension;
			packageProductDependencies = (
				382A2BF42B48661B00C9F8FE /* IOSActionExtension */,
			);
			productName = RiversideIOSActionExtension;
			productReference = 383776BF2B4812BA0011BD41 /* RiversideIOSActionExtension.appex */;
			productType = "com.apple.product-type.app-extension";
		};
		C827322D2B3808690053842F /* RiversideIOSApp */ = {
			isa = PBXNativeTarget;
			buildConfigurationList = C82732392B38086A0053842F /* Build configuration list for PBXNativeTarget "RiversideIOSApp" */;
			buildPhases = (
				C827322A2B3808690053842F /* Sources */,
				C827322B2B3808690053842F /* Frameworks */,
				C827322C2B3808690053842F /* Resources */,
				383776CE2B4812BA0011BD41 /* Embed Foundation Extensions */,
			);
			buildRules = (
			);
			dependencies = (
				383776CC2B4812BA0011BD41 /* PBXTargetDependency */,
			);
			name = RiversideIOSApp;
			packageProductDependencies = (
				C827323D2B3808950053842F /* IOSApp */,
			);
			productName = RiversideIOSApp;
			productReference = C827322E2B3808690053842F /* RiversideIOSApp.app */;
			productType = "com.apple.product-type.application";
		};
/* End PBXNativeTarget section */

/* Begin PBXProject section */
		C82732112B3805870053842F /* Project object */ = {
			isa = PBXProject;
			attributes = {
				BuildIndependentTargetsInParallel = 1;
				LastSwiftUpdateCheck = 1510;
				LastUpgradeCheck = 1510;
				TargetAttributes = {
					383314742B493EEF00A47514 = {
						CreatedOnToolsVersion = 15.1;
					};
					383776BE2B4812BA0011BD41 = {
						CreatedOnToolsVersion = 15.1;
					};
					C827322D2B3808690053842F = {
						CreatedOnToolsVersion = 15.1;
					};
				};
			};
			buildConfigurationList = C82732142B3805870053842F /* Build configuration list for PBXProject "RiversideApp" */;
			compatibilityVersion = "Xcode 14.0";
			developmentRegion = en;
			hasScannedForEncodings = 0;
			knownRegions = (
				en,
				Base,
			);
			mainGroup = C82732102B3805870053842F;
			productRefGroup = C827321A2B3805870053842F /* Products */;
			projectDirPath = "";
			projectRoot = "";
			targets = (
				C827322D2B3808690053842F /* RiversideIOSApp */,
				383776BE2B4812BA0011BD41 /* RiversideIOSActionExtension */,
				383314742B493EEF00A47514 /* RiversideMacApp */,
			);
		};
/* End PBXProject section */

/* Begin PBXResourcesBuildPhase section */
		383314732B493EEF00A47514 /* Resources */ = {
			isa = PBXResourcesBuildPhase;
			buildActionMask = 2147483647;
			files = (
				3833147C2B493EF000A47514 /* Assets.xcassets in Resources */,
			);
			runOnlyForDeploymentPostprocessing = 0;
		};
		383776BD2B4812BA0011BD41 /* Resources */ = {
			isa = PBXResourcesBuildPhase;
			buildActionMask = 2147483647;
			files = (
				383776C42B4812BA0011BD41 /* Media.xcassets in Resources */,
				383776C92B4812BA0011BD41 /* MainInterface.storyboard in Resources */,
			);
			runOnlyForDeploymentPostprocessing = 0;
		};
		C827322C2B3808690053842F /* Resources */ = {
			isa = PBXResourcesBuildPhase;
			buildActionMask = 2147483647;
			files = (
				C82732352B38086A0053842F /* Assets.xcassets in Resources */,
			);
			runOnlyForDeploymentPostprocessing = 0;
		};
/* End PBXResourcesBuildPhase section */

/* Begin PBXSourcesBuildPhase section */
		383314712B493EEF00A47514 /* Sources */ = {
			isa = PBXSourcesBuildPhase;
			buildActionMask = 2147483647;
			files = (
				383314782B493EEF00A47514 /* main.swift in Sources */,
			);
			runOnlyForDeploymentPostprocessing = 0;
		};
		383776BB2B4812BA0011BD41 /* Sources */ = {
			isa = PBXSourcesBuildPhase;
			buildActionMask = 2147483647;
			files = (
				383776C62B4812BA0011BD41 /* ActionViewController.swift in Sources */,
			);
			runOnlyForDeploymentPostprocessing = 0;
		};
		C827322A2B3808690053842F /* Sources */ = {
			isa = PBXSourcesBuildPhase;
			buildActionMask = 2147483647;
			files = (
				C827323F2B38095E0053842F /* main.swift in Sources */,
			);
			runOnlyForDeploymentPostprocessing = 0;
		};
/* End PBXSourcesBuildPhase section */

/* Begin PBXTargetDependency section */
		383776CC2B4812BA0011BD41 /* PBXTargetDependency */ = {
			isa = PBXTargetDependency;
			target = 383776BE2B4812BA0011BD41 /* RiversideIOSActionExtension */;
			targetProxy = 383776CB2B4812BA0011BD41 /* PBXContainerItemProxy */;
		};
/* End PBXTargetDependency section */

/* Begin PBXVariantGroup section */
		383776C72B4812BA0011BD41 /* MainInterface.storyboard */ = {
			isa = PBXVariantGroup;
			children = (
				383776C82B4812BA0011BD41 /* Base */,
			);
			name = MainInterface.storyboard;
			sourceTree = "<group>";
		};
/* End PBXVariantGroup section */

/* Begin XCBuildConfiguration section */
		383314812B493EF000A47514 /* Debug */ = {
			isa = XCBuildConfiguration;
			buildSettings = {
				ASSETCATALOG_COMPILER_APPICON_NAME = AppIcon;
				ASSETCATALOG_COMPILER_GLOBAL_ACCENT_COLOR_NAME = AccentColor;
				CODE_SIGN_ENTITLEMENTS = RiversideMacApp/RiversideMacApp.entitlements;
				CODE_SIGN_STYLE = Automatic;
				COMBINE_HIDPI_IMAGES = YES;
				CURRENT_PROJECT_VERSION = 1;
				DEVELOPMENT_ASSET_PATHS = "";
				DEVELOPMENT_TEAM = 56T4RFDKJR;
				ENABLE_HARDENED_RUNTIME = YES;
				ENABLE_PREVIEWS = YES;
				GENERATE_INFOPLIST_FILE = YES;
				INFOPLIST_FILE = RiversideMacApp/Info.plist;
				INFOPLIST_KEY_CFBundleDisplayName = Riverside;
				INFOPLIST_KEY_LSApplicationCategoryType = "public.app-category.productivity";
				INFOPLIST_KEY_NSHumanReadableCopyright = "";
				LD_RUNPATH_SEARCH_PATHS = (
					"$(inherited)",
					"@executable_path/../Frameworks",
				);
				MACOSX_DEPLOYMENT_TARGET = 14.0;
				MARKETING_VERSION = 1.0.0;
				PRODUCT_BUNDLE_IDENTIFIER = com.muijp.RiversideMacApp;
				PRODUCT_NAME = "$(TARGET_NAME)";
				SDKROOT = macosx;
				SWIFT_EMIT_LOC_STRINGS = YES;
				SWIFT_VERSION = 5.0;
			};
			name = Debug;
		};
		383314822B493EF000A47514 /* Release */ = {
			isa = XCBuildConfiguration;
			buildSettings = {
				ASSETCATALOG_COMPILER_APPICON_NAME = AppIcon;
				ASSETCATALOG_COMPILER_GLOBAL_ACCENT_COLOR_NAME = AccentColor;
				CODE_SIGN_ENTITLEMENTS = RiversideMacApp/RiversideMacApp.entitlements;
				CODE_SIGN_STYLE = Automatic;
				COMBINE_HIDPI_IMAGES = YES;
				CURRENT_PROJECT_VERSION = 1;
				DEVELOPMENT_ASSET_PATHS = "";
				DEVELOPMENT_TEAM = 56T4RFDKJR;
				ENABLE_HARDENED_RUNTIME = YES;
				ENABLE_PREVIEWS = YES;
				GENERATE_INFOPLIST_FILE = YES;
				INFOPLIST_FILE = RiversideMacApp/Info.plist;
				INFOPLIST_KEY_CFBundleDisplayName = Riverside;
				INFOPLIST_KEY_LSApplicationCategoryType = "public.app-category.productivity";
				INFOPLIST_KEY_NSHumanReadableCopyright = "";
				LD_RUNPATH_SEARCH_PATHS = (
					"$(inherited)",
					"@executable_path/../Frameworks",
				);
				MACOSX_DEPLOYMENT_TARGET = 14.0;
				MARKETING_VERSION = 1.0.0;
				PRODUCT_BUNDLE_IDENTIFIER = com.muijp.RiversideMacApp;
				PRODUCT_NAME = "$(TARGET_NAME)";
				SDKROOT = macosx;
				SWIFT_EMIT_LOC_STRINGS = YES;
				SWIFT_VERSION = 5.0;
			};
			name = Release;
		};
		383776CF2B4812BA0011BD41 /* Debug */ = {
			isa = XCBuildConfiguration;
			buildSettings = {
				ASSETCATALOG_COMPILER_APPICON_NAME = ExtensionIcon;
				CODE_SIGN_ENTITLEMENTS = RiversideIOSActionExtension/RiversideIOSActionExtension.entitlements;
				CODE_SIGN_STYLE = Automatic;
				CURRENT_PROJECT_VERSION = 1;
				DEVELOPMENT_TEAM = 56T4RFDKJR;
				GENERATE_INFOPLIST_FILE = YES;
				INFOPLIST_FILE = RiversideIOSActionExtension/Info.plist;
				INFOPLIST_KEY_CFBundleDisplayName = "Subscribe in Riverside";
				INFOPLIST_KEY_NSHumanReadableCopyright = "";
				IPHONEOS_DEPLOYMENT_TARGET = 17.0;
				LD_RUNPATH_SEARCH_PATHS = (
					"$(inherited)",
					"@executable_path/Frameworks",
					"@executable_path/../../Frameworks",
				);
				MARKETING_VERSION = 1.0.0;
				PRODUCT_BUNDLE_IDENTIFIER = com.muijp.RiversideIOSApp.RiversideIOSActionExtension;
				PRODUCT_NAME = "$(TARGET_NAME)";
				SKIP_INSTALL = YES;
				SWIFT_EMIT_LOC_STRINGS = YES;
				SWIFT_VERSION = 5.0;
				TARGETED_DEVICE_FAMILY = "1,2";
			};
			name = Debug;
		};
		383776D02B4812BA0011BD41 /* Release */ = {
			isa = XCBuildConfiguration;
			buildSettings = {
				ASSETCATALOG_COMPILER_APPICON_NAME = ExtensionIcon;
				CODE_SIGN_ENTITLEMENTS = RiversideIOSActionExtension/RiversideIOSActionExtension.entitlements;
				CODE_SIGN_STYLE = Automatic;
				CURRENT_PROJECT_VERSION = 1;
				DEVELOPMENT_TEAM = 56T4RFDKJR;
				GENERATE_INFOPLIST_FILE = YES;
				INFOPLIST_FILE = RiversideIOSActionExtension/Info.plist;
				INFOPLIST_KEY_CFBundleDisplayName = "Subscribe in Riverside";
				INFOPLIST_KEY_NSHumanReadableCopyright = "";
				IPHONEOS_DEPLOYMENT_TARGET = 17.0;
				LD_RUNPATH_SEARCH_PATHS = (
					"$(inherited)",
					"@executable_path/Frameworks",
					"@executable_path/../../Frameworks",
				);
				MARKETING_VERSION = 1.0.0;
				PRODUCT_BUNDLE_IDENTIFIER = com.muijp.RiversideIOSApp.RiversideIOSActionExtension;
				PRODUCT_NAME = "$(TARGET_NAME)";
				SKIP_INSTALL = YES;
				SWIFT_EMIT_LOC_STRINGS = YES;
				SWIFT_VERSION = 5.0;
				TARGETED_DEVICE_FAMILY = "1,2";
			};
			name = Release;
		};
		C82732252B3805870053842F /* Debug */ = {
			isa = XCBuildConfiguration;
			buildSettings = {
				ALWAYS_SEARCH_USER_PATHS = NO;
				ASSETCATALOG_COMPILER_GENERATE_SWIFT_ASSET_SYMBOL_EXTENSIONS = YES;
				CLANG_ANALYZER_NONNULL = YES;
				CLANG_ANALYZER_NUMBER_OBJECT_CONVERSION = YES_AGGRESSIVE;
				CLANG_CXX_LANGUAGE_STANDARD = "gnu++20";
				CLANG_ENABLE_MODULES = YES;
				CLANG_ENABLE_OBJC_ARC = YES;
				CLANG_ENABLE_OBJC_WEAK = YES;
				CLANG_WARN_BLOCK_CAPTURE_AUTORELEASING = YES;
				CLANG_WARN_BOOL_CONVERSION = YES;
				CLANG_WARN_COMMA = YES;
				CLANG_WARN_CONSTANT_CONVERSION = YES;
				CLANG_WARN_DEPRECATED_OBJC_IMPLEMENTATIONS = YES;
				CLANG_WARN_DIRECT_OBJC_ISA_USAGE = YES_ERROR;
				CLANG_WARN_DOCUMENTATION_COMMENTS = YES;
				CLANG_WARN_EMPTY_BODY = YES;
				CLANG_WARN_ENUM_CONVERSION = YES;
				CLANG_WARN_INFINITE_RECURSION = YES;
				CLANG_WARN_INT_CONVERSION = YES;
				CLANG_WARN_NON_LITERAL_NULL_CONVERSION = YES;
				CLANG_WARN_OBJC_IMPLICIT_RETAIN_SELF = YES;
				CLANG_WARN_OBJC_LITERAL_CONVERSION = YES;
				CLANG_WARN_OBJC_ROOT_CLASS = YES_ERROR;
				CLANG_WARN_QUOTED_INCLUDE_IN_FRAMEWORK_HEADER = YES;
				CLANG_WARN_RANGE_LOOP_ANALYSIS = YES;
				CLANG_WARN_STRICT_PROTOTYPES = YES;
				CLANG_WARN_SUSPICIOUS_MOVE = YES;
				CLANG_WARN_UNGUARDED_AVAILABILITY = YES_AGGRESSIVE;
				CLANG_WARN_UNREACHABLE_CODE = YES;
				CLANG_WARN__DUPLICATE_METHOD_MATCH = YES;
				COPY_PHASE_STRIP = NO;
				DEBUG_INFORMATION_FORMAT = dwarf;
				ENABLE_STRICT_OBJC_MSGSEND = YES;
				ENABLE_TESTABILITY = YES;
				ENABLE_USER_SCRIPT_SANDBOXING = YES;
				GCC_C_LANGUAGE_STANDARD = gnu17;
				GCC_DYNAMIC_NO_PIC = NO;
				GCC_NO_COMMON_BLOCKS = YES;
				GCC_OPTIMIZATION_LEVEL = 0;
				GCC_PREPROCESSOR_DEFINITIONS = (
					"DEBUG=1",
					"$(inherited)",
				);
				GCC_WARN_64_TO_32_BIT_CONVERSION = YES;
				GCC_WARN_ABOUT_RETURN_TYPE = YES_ERROR;
				GCC_WARN_UNDECLARED_SELECTOR = YES;
				GCC_WARN_UNINITIALIZED_AUTOS = YES_AGGRESSIVE;
				GCC_WARN_UNUSED_FUNCTION = YES;
				GCC_WARN_UNUSED_VARIABLE = YES;
				IPHONEOS_DEPLOYMENT_TARGET = 17.0;
				LOCALIZATION_PREFERS_STRING_CATALOGS = YES;
				MTL_ENABLE_DEBUG_INFO = INCLUDE_SOURCE;
				MTL_FAST_MATH = YES;
				ONLY_ACTIVE_ARCH = YES;
				SDKROOT = iphoneos;
				SWIFT_ACTIVE_COMPILATION_CONDITIONS = "DEBUG $(inherited)";
				SWIFT_OPTIMIZATION_LEVEL = "-Onone";
			};
			name = Debug;
		};
		C82732262B3805870053842F /* Release */ = {
			isa = XCBuildConfiguration;
			buildSettings = {
				ALWAYS_SEARCH_USER_PATHS = NO;
				ASSETCATALOG_COMPILER_GENERATE_SWIFT_ASSET_SYMBOL_EXTENSIONS = YES;
				CLANG_ANALYZER_NONNULL = YES;
				CLANG_ANALYZER_NUMBER_OBJECT_CONVERSION = YES_AGGRESSIVE;
				CLANG_CXX_LANGUAGE_STANDARD = "gnu++20";
				CLANG_ENABLE_MODULES = YES;
				CLANG_ENABLE_OBJC_ARC = YES;
				CLANG_ENABLE_OBJC_WEAK = YES;
				CLANG_WARN_BLOCK_CAPTURE_AUTORELEASING = YES;
				CLANG_WARN_BOOL_CONVERSION = YES;
				CLANG_WARN_COMMA = YES;
				CLANG_WARN_CONSTANT_CONVERSION = YES;
				CLANG_WARN_DEPRECATED_OBJC_IMPLEMENTATIONS = YES;
				CLANG_WARN_DIRECT_OBJC_ISA_USAGE = YES_ERROR;
				CLANG_WARN_DOCUMENTATION_COMMENTS = YES;
				CLANG_WARN_EMPTY_BODY = YES;
				CLANG_WARN_ENUM_CONVERSION = YES;
				CLANG_WARN_INFINITE_RECURSION = YES;
				CLANG_WARN_INT_CONVERSION = YES;
				CLANG_WARN_NON_LITERAL_NULL_CONVERSION = YES;
				CLANG_WARN_OBJC_IMPLICIT_RETAIN_SELF = YES;
				CLANG_WARN_OBJC_LITERAL_CONVERSION = YES;
				CLANG_WARN_OBJC_ROOT_CLASS = YES_ERROR;
				CLANG_WARN_QUOTED_INCLUDE_IN_FRAMEWORK_HEADER = YES;
				CLANG_WARN_RANGE_LOOP_ANALYSIS = YES;
				CLANG_WARN_STRICT_PROTOTYPES = YES;
				CLANG_WARN_SUSPICIOUS_MOVE = YES;
				CLANG_WARN_UNGUARDED_AVAILABILITY = YES_AGGRESSIVE;
				CLANG_WARN_UNREACHABLE_CODE = YES;
				CLANG_WARN__DUPLICATE_METHOD_MATCH = YES;
				COPY_PHASE_STRIP = NO;
				DEBUG_INFORMATION_FORMAT = "dwarf-with-dsym";
				ENABLE_NS_ASSERTIONS = NO;
				ENABLE_STRICT_OBJC_MSGSEND = YES;
				ENABLE_USER_SCRIPT_SANDBOXING = YES;
				GCC_C_LANGUAGE_STANDARD = gnu17;
				GCC_NO_COMMON_BLOCKS = YES;
				GCC_WARN_64_TO_32_BIT_CONVERSION = YES;
				GCC_WARN_ABOUT_RETURN_TYPE = YES_ERROR;
				GCC_WARN_UNDECLARED_SELECTOR = YES;
				GCC_WARN_UNINITIALIZED_AUTOS = YES_AGGRESSIVE;
				GCC_WARN_UNUSED_FUNCTION = YES;
				GCC_WARN_UNUSED_VARIABLE = YES;
				IPHONEOS_DEPLOYMENT_TARGET = 17.0;
				LOCALIZATION_PREFERS_STRING_CATALOGS = YES;
				MTL_ENABLE_DEBUG_INFO = NO;
				MTL_FAST_MATH = YES;
				SDKROOT = iphoneos;
				SWIFT_COMPILATION_MODE = wholemodule;
				VALIDATE_PRODUCT = YES;
			};
			name = Release;
		};
		C827323A2B38086A0053842F /* Debug */ = {
			isa = XCBuildConfiguration;
			buildSettings = {
				ALWAYS_EMBED_SWIFT_STANDARD_LIBRARIES = YES;
				ASSETCATALOG_COMPILER_APPICON_NAME = AppIcon;
				ASSETCATALOG_COMPILER_GLOBAL_ACCENT_COLOR_NAME = AccentColor;
				CODE_SIGN_ENTITLEMENTS = RiversideIOSApp/RiversideIOSApp.entitlements;
				CODE_SIGN_STYLE = Automatic;
				CURRENT_PROJECT_VERSION = 1;
				DEVELOPMENT_ASSET_PATHS = "";
				DEVELOPMENT_TEAM = 56T4RFDKJR;
				ENABLE_PREVIEWS = YES;
				GENERATE_INFOPLIST_FILE = YES;
				INFOPLIST_FILE = RiversideIOSApp/Info.plist;
				INFOPLIST_KEY_CFBundleDisplayName = Riverside;
				INFOPLIST_KEY_LSApplicationCategoryType = "public.app-category.magazines-and-newspapers";
				INFOPLIST_KEY_UIApplicationSceneManifest_Generation = YES;
				INFOPLIST_KEY_UIApplicationSupportsIndirectInputEvents = YES;
				INFOPLIST_KEY_UILaunchScreen_Generation = YES;
				INFOPLIST_KEY_UISupportedInterfaceOrientations_iPad = "UIInterfaceOrientationPortrait UIInterfaceOrientationPortraitUpsideDown UIInterfaceOrientationLandscapeLeft UIInterfaceOrientationLandscapeRight";
				INFOPLIST_KEY_UISupportedInterfaceOrientations_iPhone = "UIInterfaceOrientationPortrait UIInterfaceOrientationLandscapeLeft UIInterfaceOrientationLandscapeRight";
				IPHONEOS_DEPLOYMENT_TARGET = 17.0;
				LD_RUNPATH_SEARCH_PATHS = (
					"$(inherited)",
					"@executable_path/Frameworks",
				);
				MARKETING_VERSION = 1.0.0;
				PRODUCT_BUNDLE_IDENTIFIER = com.muijp.RiversideIOSApp;
				PRODUCT_NAME = "$(TARGET_NAME)";
				SUPPORTED_PLATFORMS = "iphoneos iphonesimulator";
				SUPPORTS_MACCATALYST = NO;
				SUPPORTS_MAC_DESIGNED_FOR_IPHONE_IPAD = NO;
				SWIFT_EMIT_LOC_STRINGS = YES;
				SWIFT_VERSION = 5.0;
				TARGETED_DEVICE_FAMILY = "1,2";
			};
			name = Debug;
		};
		C827323B2B38086A0053842F /* Release */ = {
			isa = XCBuildConfiguration;
			buildSettings = {
				ALWAYS_EMBED_SWIFT_STANDARD_LIBRARIES = YES;
				ASSETCATALOG_COMPILER_APPICON_NAME = AppIcon;
				ASSETCATALOG_COMPILER_GLOBAL_ACCENT_COLOR_NAME = AccentColor;
				CODE_SIGN_ENTITLEMENTS = RiversideIOSApp/RiversideIOSApp.entitlements;
				CODE_SIGN_STYLE = Automatic;
				CURRENT_PROJECT_VERSION = 1;
				DEVELOPMENT_ASSET_PATHS = "";
				DEVELOPMENT_TEAM = 56T4RFDKJR;
				ENABLE_PREVIEWS = YES;
				GENERATE_INFOPLIST_FILE = YES;
				INFOPLIST_FILE = RiversideIOSApp/Info.plist;
				INFOPLIST_KEY_CFBundleDisplayName = Riverside;
				INFOPLIST_KEY_LSApplicationCategoryType = "public.app-category.magazines-and-newspapers";
				INFOPLIST_KEY_UIApplicationSceneManifest_Generation = YES;
				INFOPLIST_KEY_UIApplicationSupportsIndirectInputEvents = YES;
				INFOPLIST_KEY_UILaunchScreen_Generation = YES;
				INFOPLIST_KEY_UISupportedInterfaceOrientations_iPad = "UIInterfaceOrientationPortrait UIInterfaceOrientationPortraitUpsideDown UIInterfaceOrientationLandscapeLeft UIInterfaceOrientationLandscapeRight";
				INFOPLIST_KEY_UISupportedInterfaceOrientations_iPhone = "UIInterfaceOrientationPortrait UIInterfaceOrientationLandscapeLeft UIInterfaceOrientationLandscapeRight";
				IPHONEOS_DEPLOYMENT_TARGET = 17.0;
				LD_RUNPATH_SEARCH_PATHS = (
					"$(inherited)",
					"@executable_path/Frameworks",
				);
				MARKETING_VERSION = 1.0.0;
				PRODUCT_BUNDLE_IDENTIFIER = com.muijp.RiversideIOSApp;
				PRODUCT_NAME = "$(TARGET_NAME)";
				SUPPORTED_PLATFORMS = "iphoneos iphonesimulator";
				SUPPORTS_MACCATALYST = NO;
				SUPPORTS_MAC_DESIGNED_FOR_IPHONE_IPAD = NO;
				SWIFT_EMIT_LOC_STRINGS = YES;
				SWIFT_VERSION = 5.0;
				TARGETED_DEVICE_FAMILY = "1,2";
			};
			name = Release;
		};
/* End XCBuildConfiguration section */

/* Begin XCConfigurationList section */
		383314832B493EF000A47514 /* Build configuration list for PBXNativeTarget "RiversideMacApp" */ = {
			isa = XCConfigurationList;
			buildConfigurations = (
				383314812B493EF000A47514 /* Debug */,
				383314822B493EF000A47514 /* Release */,
			);
			defaultConfigurationIsVisible = 0;
			defaultConfigurationName = Release;
		};
		383776D12B4812BA0011BD41 /* Build configuration list for PBXNativeTarget "RiversideIOSActionExtension" */ = {
			isa = XCConfigurationList;
			buildConfigurations = (
				383776CF2B4812BA0011BD41 /* Debug */,
				383776D02B4812BA0011BD41 /* Release */,
			);
			defaultConfigurationIsVisible = 0;
			defaultConfigurationName = Release;
		};
		C82732142B3805870053842F /* Build configuration list for PBXProject "RiversideApp" */ = {
			isa = XCConfigurationList;
			buildConfigurations = (
				C82732252B3805870053842F /* Debug */,
				C82732262B3805870053842F /* Release */,
			);
			defaultConfigurationIsVisible = 0;
			defaultConfigurationName = Release;
		};
		C82732392B38086A0053842F /* Build configuration list for PBXNativeTarget "RiversideIOSApp" */ = {
			isa = XCConfigurationList;
			buildConfigurations = (
				C827323A2B38086A0053842F /* Debug */,
				C827323B2B38086A0053842F /* Release */,
			);
			defaultConfigurationIsVisible = 0;
			defaultConfigurationName = Release;
		};
/* End XCConfigurationList section */

/* Begin XCSwiftPackageProductDependency section */
		380693F82B4949EF004E9711 /* MacApp */ = {
			isa = XCSwiftPackageProductDependency;
			productName = MacApp;
		};
		382A2BF42B48661B00C9F8FE /* IOSActionExtension */ = {
			isa = XCSwiftPackageProductDependency;
			productName = IOSActionExtension;
		};
		C827323D2B3808950053842F /* IOSApp */ = {
			isa = XCSwiftPackageProductDependency;
			productName = IOSApp;
		};
/* End XCSwiftPackageProductDependency section */
	};
	rootObject = C82732112B3805870053842F /* Project object */;
}
